
Microsoft Visual Studio Solution File, Format Version 12.00
# Visual Studio Version 17
VisualStudioVersion = 17.5.33424.131
MinimumVisualStudioVersion = 10.0.40219.1
Project("{9A19103F-16F7-4668-BE54-9A1E7A4F7556}") = "Baetoti.API", "Baetoti.API\Baetoti.API.csproj", "{E6D3794A-6B66-4C85-9BDA-49328FC06AEC}"
EndProject
Project("{9A19103F-16F7-4668-BE54-9A1E7A4F7556}") = "Baetoti.Core", "Baetoti.Core\Baetoti.Core.csproj", "{154B315E-EB5A-49B7-B32A-317D62BF7599}"
EndProject
Project("{9A19103F-16F7-4668-BE54-9A1E7A4F7556}") = "Baetoti.Infrastructure", "Baetoti.Infrastructure\Baetoti.Infrastructure.csproj", "{36C3AA9E-D7B5-4A8C-98E2-029BED8371E5}"
EndProject
Project("{9A19103F-16F7-4668-BE54-9A1E7A4F7556}") = "Baetoti.IoC", "Baetoti.IoC\Baetoti.IoC.csproj", "{AF6D20BF-4F4E-41AA-B277-C712CD0CEB94}"
EndProject
Project("{9A19103F-16F7-4668-BE54-9A1E7A4F7556}") = "Baetoti.Shared", "Baetoti.Shared\Baetoti.Shared.csproj", "{9ACCAEE0-742A-49CD-BF44-4DC5CEDC9D2C}"
EndProject
Global
	GlobalSection(SolutionConfigurationPlatforms) = preSolution
		Debug|Any CPU = Debug|Any CPU
		Release|Any CPU = Release|Any CPU
	EndGlobalSection
	GlobalSection(ProjectConfigurationPlatforms) = postSolution
		{E6D3794A-6B66-4C85-9BDA-49328FC06AEC}.Debug|Any CPU.ActiveCfg = Debug|Any CPU
		{E6D3794A-6B66-4C85-9BDA-49328FC06AEC}.Debug|Any CPU.Build.0 = Debug|Any CPU
		{E6D3794A-6B66-4C85-9BDA-49328FC06AEC}.Release|Any CPU.ActiveCfg = Release|Any CPU
		{E6D3794A-6B66-4C85-9BDA-49328FC06AEC}.Release|Any CPU.Build.0 = Release|Any CPU
		{154B315E-EB5A-49B7-B32A-317D62BF7599}.Debug|Any CPU.ActiveCfg = Debug|Any CPU
		{154B315E-EB5A-49B7-B32A-317D62BF7599}.Debug|Any CPU.Build.0 = Debug|Any CPU
		{154B315E-EB5A-49B7-B32A-317D62BF7599}.Release|Any CPU.ActiveCfg = Release|Any CPU
		{154B315E-EB5A-49B7-B32A-317D62BF7599}.Release|Any CPU.Build.0 = Release|Any CPU
		{36C3AA9E-D7B5-4A8C-98E2-029BED8371E5}.Debug|Any CPU.ActiveCfg = Debug|Any CPU
		{36C3AA9E-D7B5-4A8C-98E2-029BED8371E5}.Debug|Any CPU.Build.0 = Debug|Any CPU
		{36C3AA9E-D7B5-4A8C-98E2-029BED8371E5}.Release|Any CPU.ActiveCfg = Release|Any CPU
		{36C3AA9E-D7B5-4A8C-98E2-029BED8371E5}.Release|Any CPU.Build.0 = Release|Any CPU
		{AF6D20BF-4F4E-41AA-B277-C712CD0CEB94}.Debug|Any CPU.ActiveCfg = Debug|Any CPU
		{AF6D20BF-4F4E-41AA-B277-C712CD0CEB94}.Debug|Any CPU.Build.0 = Debug|Any CPU
		{AF6D20BF-4F4E-41AA-B277-C712CD0CEB94}.Release|Any CPU.ActiveCfg = Release|Any CPU
		{AF6D20BF-4F4E-41AA-B277-C712CD0CEB94}.Release|Any CPU.Build.0 = Release|Any CPU
		{9ACCAEE0-742A-49CD-BF44-4DC5CEDC9D2C}.Debug|Any CPU.ActiveCfg = Debug|Any CPU
		{9ACCAEE0-742A-49CD-BF44-4DC5CEDC9D2C}.Debug|Any CPU.Build.0 = Debug|Any CPU
		{9ACCAEE0-742A-49CD-BF44-4DC5CEDC9D2C}.Release|Any CPU.ActiveCfg = Release|Any CPU
		{9ACCAEE0-742A-49CD-BF44-4DC5CEDC9D2C}.Release|Any CPU.Build.0 = Release|Any CPU
	EndGlobalSection
	GlobalSection(SolutionProperties) = preSolution
		HideSolutionNode = FALSE
	EndGlobalSection
	GlobalSection(ExtensibilityGlobals) = postSolution
		SolutionGuid = {5C6B5857-31EF-4AF5-8A90-9D2488B5FD7B}
	EndGlobalSection
EndGlobal
